<?xml version="1.0" encoding="utf-8"?>
<Project ToolsVersion="4.0" xmlns="http://schemas.microsoft.com/developer/msbuild/2003">
  <ItemGroup>
    <Filter Include="Source Files">
      <UniqueIdentifier>{4FC737F1-C7A5-4376-A066-2A32D752A2FF}</UniqueIdentifier>
      <Extensions>cpp;c;cc;cxx;def;odl;idl;hpj;bat;asm;asmx</Extensions>
    </Filter>
    <Filter Include="Header Files">
      <UniqueIdentifier>{93995380-89BD-4b04-88EB-625FBE52EBFB}</UniqueIdentifier>
      <Extensions>h;hh;hpp;hxx;hm;inl;inc;xsd</Extensions>
    </Filter>
    <Filter Include="Resource Files">
      <UniqueIdentifier>{67DA6AB6-F800-4c08-8B7A-83BB121AAD01}</UniqueIdentifier>
      <Extensions>rc;ico;cur;bmp;dlg;rc2;rct;bin;rgs;gif;jpg;jpeg;jpe;resx;tiff;tif;png;wav;mfcribbon-ms</Extensions>
    </Filter>
    <Filter Include="Header Files\Windows">
      <UniqueIdentifier>{4e982555-b8ef-425d-ae84-27a61393b761}</UniqueIdentifier>
    </Filter>
    <Filter Include="Source Files\Windows">
      <UniqueIdentifier>{c1b06bd3-38f2-487f-ae4c-0a19f8e13773}</UniqueIdentifier>
    </Filter>
    <Filter Include="Header Files\Libs">
      <UniqueIdentifier>{5c0c7113-e571-4cca-a32c-a646b2c1f56b}</UniqueIdentifier>
    </Filter>
    <Filter Include="Header Files\Infrastructure">
      <UniqueIdentifier>{bc06834f-fa3a-4c13-a235-cc01e7844f5e}</UniqueIdentifier>
    </Filter>
    <Filter Include="Source Files\Infrastructure">
      <UniqueIdentifier>{994aaeff-f002-4d1d-bc02-fe1bd9a64bc7}</UniqueIdentifier>
    </Filter>
    <Filter Include="Header Files\Component Model">
      <UniqueIdentifier>{d2bb0f3e-d235-4fe1-b1ef-0e1b14080b22}</UniqueIdentifier>
    </Filter>
    <Filter Include="Source Files\Component Model">
      <UniqueIdentifier>{e9225e99-be9e-4597-80e1-fc05dde34b30}</UniqueIdentifier>
    </Filter>
    <Filter Include="Header Files\Infrastructure\Event">
      <UniqueIdentifier>{58b885d0-72a3-452c-b5c6-71b47254a237}</UniqueIdentifier>
    </Filter>
    <Filter Include="Source Files\Infrastructure\Event">
      <UniqueIdentifier>{6bb56ed2-50df-4477-8968-5b5402650e54}</UniqueIdentifier>
    </Filter>
    <Filter Include="Header Files\Infrastructure\Console">
      <UniqueIdentifier>{ac43eed4-1e3c-4978-a5eb-f6e4cecc33d8}</UniqueIdentifier>
    </Filter>
    <Filter Include="Source Files\Infrastructure\Console">
      <UniqueIdentifier>{ac8ab367-691e-4c56-adad-e9c661452c15}</UniqueIdentifier>
    </Filter>
    <Filter Include="Header Files\Utils">
      <UniqueIdentifier>{58184be5-42f1-41a6-94ef-71c94ff5062b}</UniqueIdentifier>
    </Filter>
    <Filter Include="Source Files\Utils">
      <UniqueIdentifier>{d4b918f5-6473-47b8-8dcd-2b70bb24342a}</UniqueIdentifier>
    </Filter>
    <Filter Include="Header Files\Geometry">
      <UniqueIdentifier>{11fbe6ff-1eae-47a8-a9b6-be16356b028d}</UniqueIdentifier>
    </Filter>
    <Filter Include="Header Files\Libs\Math">
      <UniqueIdentifier>{bd397725-d3f9-4d8e-8b98-6acb2cff2abf}</UniqueIdentifier>
    </Filter>
    <Filter Include="Header Files\Utils\Asset Loading">
      <UniqueIdentifier>{ef7787b1-600f-40db-91c0-9d077039bacd}</UniqueIdentifier>
    </Filter>
    <Filter Include="Header Files\Rendering">
      <UniqueIdentifier>{d2c855fc-b94c-4aeb-9a8c-aa58f207baac}</UniqueIdentifier>
    </Filter>
    <Filter Include="Source Files\Geometry">
      <UniqueIdentifier>{2c58f377-a4cf-425e-9dfc-d9de8d367469}</UniqueIdentifier>
    </Filter>
    <Filter Include="Source Files\Rendering">
      <UniqueIdentifier>{deff54ba-3d5e-44e7-980e-cf58d762cb9b}</UniqueIdentifier>
    </Filter>
  </ItemGroup>
  <ItemGroup>
    <ClInclude Include="TimeUtils.h">
      <Filter>Header Files\Windows</Filter>
    </ClInclude>
    <ClInclude Include="CoreTypes.h">
      <Filter>Header Files</Filter>
    </ClInclude>
    <ClInclude Include="FastDelegate.h">
      <Filter>Header Files\Libs</Filter>
    </ClInclude>
    <ClInclude Include="FastDelegateBind.h">
      <Filter>Header Files\Libs</Filter>
    </ClInclude>
    <ClInclude Include="IComponent.h">
      <Filter>Header Files\Component Model</Filter>
    </ClInclude>
    <ClInclude Include="GameObject.h">
      <Filter>Header Files\Component Model</Filter>
    </ClInclude>
    <ClInclude Include="IEventManager.h">
      <Filter>Header Files\Infrastructure\Event</Filter>
    </ClInclude>
    <ClInclude Include="IEventData.h">
      <Filter>Header Files\Infrastructure\Event</Filter>
    </ClInclude>
    <ClInclude Include="EventManager.h">
      <Filter>Header Files\Infrastructure\Event</Filter>
    </ClInclude>
    <ClInclude Include="ConsoleCommandParameter.h">
      <Filter>Header Files\Infrastructure\Console</Filter>
    </ClInclude>
    <ClInclude Include="IConsole.h">
      <Filter>Header Files\Infrastructure\Console</Filter>
    </ClInclude>
    <ClInclude Include="Console.h">
      <Filter>Header Files\Infrastructure\Console</Filter>
    </ClInclude>
    <ClInclude Include="ConsoleCommand.h">
      <Filter>Header Files\Infrastructure\Console</Filter>
    </ClInclude>
    <ClInclude Include="ArrayUtils.h">
      <Filter>Header Files\Utils</Filter>
    </ClInclude>
    <ClInclude Include="StringUtils.h">
      <Filter>Header Files\Utils</Filter>
    </ClInclude>
    <ClInclude Include="IEngineSystem.h">
      <Filter>Header Files</Filter>
    </ClInclude>
    <ClInclude Include="Engine.h">
      <Filter>Header Files\Component Model</Filter>
    </ClInclude>
    <ClInclude Include="AssetLoader.h">
      <Filter>Header Files\Utils\Asset Loading</Filter>
    </ClInclude>
    <ClInclude Include="runme.h">
      <Filter>Header Files</Filter>
    </ClInclude>
    <ClInclude Include="resource.h">
      <Filter>Header Files</Filter>
    </ClInclude>
    <ClInclude Include="Vertex.h">
      <Filter>Header Files\Geometry</Filter>
    </ClInclude>
    <ClInclude Include="Math.h">
      <Filter>Header Files\Libs\Math</Filter>
    </ClInclude>
    <ClInclude Include="Mesh.h">
      <Filter>Header Files\Geometry</Filter>
    </ClInclude>
    <ClInclude Include="RenderableInstance.h">
      <Filter>Header Files\Rendering</Filter>
    </ClInclude>
    <ClInclude Include="DirectX11Renderer.h">
      <Filter>Header Files\Rendering</Filter>
    </ClInclude>
    <ClInclude Include="Globals.h">
      <Filter>Source Files</Filter>
    </ClInclude>
    <ClInclude Include="ShaderBase.h">
      <Filter>Header Files\Rendering</Filter>
    </ClInclude>
    <ClInclude Include="DirectX11Shader.h">
      <Filter>Header Files\Rendering</Filter>
    </ClInclude>
    <ClInclude Include="DirectX11Buffer.h">
      <Filter>Header Files\Rendering</Filter>
    </ClInclude>
    <ClInclude Include="DirectX11Renderable.h">
      <Filter>Header Files\Rendering</Filter>
    </ClInclude>
    <ClInclude Include="DirectX11IndexBuffer.h">
      <Filter>Header Files\Rendering</Filter>
    </ClInclude>
    <ClInclude Include="DDSTextureLoader.h">
      <Filter>Header Files</Filter>
    </ClInclude>
    <ClInclude Include="DirectX11Texture2D.h">
      <Filter>Header Files\Rendering</Filter>
    </ClInclude>
    <ClInclude Include="DirectX11RenderSet.h">
      <Filter>Header Files\Rendering</Filter>
    </ClInclude>
    <ClInclude Include="DirectX11TextRenderer.h">
      <Filter>Header Files\Rendering</Filter>
    </ClInclude>
  </ItemGroup>
  <ItemGroup>
    <ClCompile Include="TimeUtils.cpp">
      <Filter>Source Files\Windows</Filter>
    </ClCompile>
    <ClCompile Include="runme.cpp">
      <Filter>Source Files</Filter>
    </ClCompile>
    <ClCompile Include="GameObject.cpp">
      <Filter>Source Files\Component Model</Filter>
    </ClCompile>
    <ClCompile Include="EventManager.cpp">
      <Filter>Source Files\Infrastructure\Event</Filter>
    </ClCompile>
    <ClCompile Include="Console.cpp">
      <Filter>Source Files\Infrastructure\Console</Filter>
    </ClCompile>
    <ClCompile Include="ConsoleCommand.cpp">
      <Filter>Source Files\Infrastructure\Console</Filter>
    </ClCompile>
    <ClCompile Include="ArrayUtils.cpp">
      <Filter>Source Files\Utils</Filter>
    </ClCompile>
    <ClCompile Include="StringUtils.cpp">
      <Filter>Source Files\Utils</Filter>
    </ClCompile>
    <ClCompile Include="Mesh.cpp">
      <Filter>Source Files\Geometry</Filter>
    </ClCompile>
    <ClCompile Include="IRenderable.h">
      <Filter>Header Files\Rendering</Filter>
    </ClCompile>
    <ClCompile Include="RenderableBase.cpp">
      <Filter>Source Files\Rendering</Filter>
    </ClCompile>
    <ClCompile Include="DirectX11Renderer.cpp">
      <Filter>Source Files\Rendering</Filter>
    </ClCompile>
    <ClCompile Include="RenderableInstance.cpp">
      <Filter>Source Files\Rendering</Filter>
    </ClCompile>
    <ClCompile Include="DirectX11Shader.cpp">
      <Filter>Source Files\Rendering</Filter>
    </ClCompile>
    <ClCompile Include="Vertex.cpp">
      <Filter>Source Files\Geometry</Filter>
    </ClCompile>
    <ClCompile Include="DirectX11Buffer.cpp">
      <Filter>Source Files\Rendering</Filter>
    </ClCompile>
    <ClCompile Include="DirectX11Renderable.cpp">
      <Filter>Source Files\Rendering</Filter>
    </ClCompile>
    <ClCompile Include="DirectX11IndexBuffer.cpp">
      <Filter>Source Files\Rendering</Filter>
    </ClCompile>
    <ClCompile Include="DDSTextureLoader.cpp">
      <Filter>Source Files</Filter>
    </ClCompile>
    <ClCompile Include="DirectX11RenderSet.cpp">
      <Filter>Source Files\Rendering</Filter>
    </ClCompile>
    <ClCompile Include="DirectX11TextRenderer.cpp">
      <Filter>Source Files\Rendering</Filter>
    </ClCompile>
    <ClCompile Include="Engine.cpp">
      <Filter>Source Files\Component Model</Filter>
    </ClCompile>
  </ItemGroup>
  <ItemGroup>
    <None Include="packages.config" />
  </ItemGroup>
  <ItemGroup>
    <ResourceCompile Include="Electricity.rc">
      <Filter>Resource Files</Filter>
    </ResourceCompile>
  </ItemGroup>
</Project>